{
  "name": "svelte-app",
  "version": "0.1.0",
  "lockfileVersion": 2,
  "requires": true,
  "packages": {
    "": {
      "name": "svelte-app",
      "version": "0.1.0",
      "dependencies": {
        "common": "file:../common"
      }
    },
    "../common": {
      "version": "1.0.1",
      "license": "ISC"
    },
    "node_modules/common": {
      "resolved": "../common",
      "link": true
    }
  },
  "dependencies": {
    "common": {
      "version": "file:../common"
    }
  }
}
